
Microsoft Visual Studio Solution File, Format Version 12.00
# Visual Studio Version 16
VisualStudioVersion = 16.0.31025.194
MinimumVisualStudioVersion = 10.0.40219.1
Project("{8BC9CEB8-8B4A-11D0-8D11-00A0C91BC942}") = "ConsoleApplication1.14.2", "ConsoleApplication1.14.2.vcxproj", "{223DB0E3-DDFF-4851-9B52-C200E91D6166}"
EndProject
Project("{8BC9CEB8-8B4A-11D0-8D11-00A0C91BC942}") = "ConsoleApplication1.14.5", "..\ConsoleApplication1.14.5\ConsoleApplication1.14.5.vcxproj", "{29BD1E25-BF5E-4239-9BF8-C92E580BCC72}"
EndProject
Global
	GlobalSection(SolutionConfigurationPlatforms) = preSolution
		Debug|x64 = Debug|x64
		Debug|x86 = Debug|x86
		Release|x64 = Release|x64
		Release|x86 = Release|x86
	EndGlobalSection
	GlobalSection(ProjectConfigurationPlatforms) = postSolution
		{223DB0E3-DDFF-4851-9B52-C200E91D6166}.Debug|x64.ActiveCfg = Debug|x64
		{223DB0E3-DDFF-4851-9B52-C200E91D6166}.Debug|x64.Build.0 = Debug|x64
		{223DB0E3-DDFF-4851-9B52-C200E91D6166}.Debug|x86.ActiveCfg = Debug|Win32
		{223DB0E3-DDFF-4851-9B52-C200E91D6166}.Debug|x86.Build.0 = Debug|Win32
		{223DB0E3-DDFF-4851-9B52-C200E91D6166}.Release|x64.ActiveCfg = Release|x64
		{223DB0E3-DDFF-4851-9B52-C200E91D6166}.Release|x64.Build.0 = Release|x64
		{223DB0E3-DDFF-4851-9B52-C200E91D6166}.Release|x86.ActiveCfg = Release|Win32
		{223DB0E3-DDFF-4851-9B52-C200E91D6166}.Release|x86.Build.0 = Release|Win32
		{29BD1E25-BF5E-4239-9BF8-C92E580BCC72}.Debug|x64.ActiveCfg = Debug|x64
		{29BD1E25-BF5E-4239-9BF8-C92E580BCC72}.Debug|x64.Build.0 = Debug|x64
		{29BD1E25-BF5E-4239-9BF8-C92E580BCC72}.Debug|x86.ActiveCfg = Debug|Win32
		{29BD1E25-BF5E-4239-9BF8-C92E580BCC72}.Debug|x86.Build.0 = Debug|Win32
		{29BD1E25-BF5E-4239-9BF8-C92E580BCC72}.Release|x64.ActiveCfg = Release|x64
		{29BD1E25-BF5E-4239-9BF8-C92E580BCC72}.Release|x64.Build.0 = Release|x64
		{29BD1E25-BF5E-4239-9BF8-C92E580BCC72}.Release|x86.ActiveCfg = Release|Win32
		{29BD1E25-BF5E-4239-9BF8-C92E580BCC72}.Release|x86.Build.0 = Release|Win32
	EndGlobalSection
	GlobalSection(SolutionProperties) = preSolution
		HideSolutionNode = FALSE
	EndGlobalSection
	GlobalSection(ExtensibilityGlobals) = postSolution
		SolutionGuid = {8D2D9EA4-BE13-42D4-9D8C-1BE76835A3A0}
	EndGlobalSection
EndGlobal
